
Microsoft Visual Studio Solution File, Format Version 12.00
# Visual Studio Version 17
VisualStudioVersion = 17.0.31903.59
MinimumVisualStudioVersion = 10.0.40219.1
Project("{FAE04EC0-301F-11D3-BF4B-00C04F79EFBC}") = "Substrate v2", "Substrate v2\Substrate v2.csproj", "{57F94E6E-A76C-4443-AF2F-7DE656AA5AFC}"
EndProject
Global
	GlobalSection(SolutionConfigurationPlatforms) = preSolution
		Debug|Any CPU = Debug|Any CPU
		Release|Any CPU = Release|Any CPU
	EndGlobalSection
	GlobalSection(ProjectConfigurationPlatforms) = postSolution
		{57F94E6E-A76C-4443-AF2F-7DE656AA5AFC}.Debug|Any CPU.ActiveCfg = Debug|Any CPU
		{57F94E6E-A76C-4443-AF2F-7DE656AA5AFC}.Debug|Any CPU.Build.0 = Debug|Any CPU
		{57F94E6E-A76C-4443-AF2F-7DE656AA5AFC}.Release|Any CPU.ActiveCfg = Release|Any CPU
		{57F94E6E-A76C-4443-AF2F-7DE656AA5AFC}.Release|Any CPU.Build.0 = Release|Any CPU
	EndGlobalSection
	GlobalSection(SolutionProperties) = preSolution
		HideSolutionNode = FALSE
	EndGlobalSection
	GlobalSection(ExtensibilityGlobals) = postSolution
		SolutionGuid = {58916AC1-ADA6-469D-9068-0AD8851E0852}
	EndGlobalSection
EndGlobal
